
Microsoft Visual Studio Solution File, Format Version 12.00
# Visual Studio Version 17
VisualStudioVersion = 17.1.32328.378
MinimumVisualStudioVersion = 10.0.40219.1
Project("{FAE04EC0-301F-11D3-BF4B-00C04F79EFBC}") = "ToDoApp", "ToDoApp.csproj", "{3C19E204-1D37-41C1-8388-0E20FFF77381}"
EndProject
Project("{2150E333-8FDC-42A3-9474-1A3956D46DE8}") = "Models", "Models", "{BD7050D1-A76A-4234-BE80-7B0980B7F78D}"
EndProject
Global
	GlobalSection(SolutionConfigurationPlatforms) = preSolution
		Debug|Any CPU = Debug|Any CPU
		Release|Any CPU = Release|Any CPU
	EndGlobalSection
	GlobalSection(ProjectConfigurationPlatforms) = postSolution
		{3C19E204-1D37-41C1-8388-0E20FFF77381}.Debug|Any CPU.ActiveCfg = Debug|Any CPU
		{3C19E204-1D37-41C1-8388-0E20FFF77381}.Debug|Any CPU.Build.0 = Debug|Any CPU
		{3C19E204-1D37-41C1-8388-0E20FFF77381}.Release|Any CPU.ActiveCfg = Release|Any CPU
		{3C19E204-1D37-41C1-8388-0E20FFF77381}.Release|Any CPU.Build.0 = Release|Any CPU
	EndGlobalSection
	GlobalSection(SolutionProperties) = preSolution
		HideSolutionNode = FALSE
	EndGlobalSection
	GlobalSection(ExtensibilityGlobals) = postSolution
		SolutionGuid = {836DDE13-42BE-4858-9CC7-F3CF7F90B550}
	EndGlobalSection
EndGlobal
